
Microsoft Visual Studio Solution File, Format Version 12.00
# Visual Studio Version 17
VisualStudioVersion = 17.6.33829.357
MinimumVisualStudioVersion = 10.0.40219.1
Project("{FAE04EC0-301F-11D3-BF4B-00C04F79EFBC}") = "Variables", "Variables\Variables.csproj", "{B0C24DCC-6641-40C1-B2BA-7D2439AD6A7D}"
EndProject
Global
	GlobalSection(SolutionConfigurationPlatforms) = preSolution
		Debug|Any CPU = Debug|Any CPU
		Release|Any CPU = Release|Any CPU
	EndGlobalSection
	GlobalSection(ProjectConfigurationPlatforms) = postSolution
		{B0C24DCC-6641-40C1-B2BA-7D2439AD6A7D}.Debug|Any CPU.ActiveCfg = Debug|Any CPU
		{B0C24DCC-6641-40C1-B2BA-7D2439AD6A7D}.Debug|Any CPU.Build.0 = Debug|Any CPU
		{B0C24DCC-6641-40C1-B2BA-7D2439AD6A7D}.Release|Any CPU.ActiveCfg = Release|Any CPU
		{B0C24DCC-6641-40C1-B2BA-7D2439AD6A7D}.Release|Any CPU.Build.0 = Release|Any CPU
	EndGlobalSection
	GlobalSection(SolutionProperties) = preSolution
		HideSolutionNode = FALSE
	EndGlobalSection
	GlobalSection(ExtensibilityGlobals) = postSolution
		SolutionGuid = {E5AC7652-3D98-44EB-9EDC-B598986AF040}
	EndGlobalSection
EndGlobal
